// !$*UTF8*$!
{
	archiveVersion = 1;
	classes = {
	};
	objectVersion = 46;
	objects = {

/* Begin PBXBuildFile section */
		2A0C1A351EB821A900BFFB45 /* AppDelegate.swift in Sources */ = {isa = PBXBuildFile; fileRef = 2A0C1A341EB821A900BFFB45 /* AppDelegate.swift */; };
		2A0C1A371EB821A900BFFB45 /* ViewController.swift in Sources */ = {isa = PBXBuildFile; fileRef = 2A0C1A361EB821A900BFFB45 /* ViewController.swift */; };
		2A0C1A3A1EB821A900BFFB45 /* Main.storyboard in Resources */ = {isa = PBXBuildFile; fileRef = 2A0C1A381EB821A900BFFB45 /* Main.storyboard */; };
		2A0C1A3C1EB821A900BFFB45 /* Assets.xcassets in Resources */ = {isa = PBXBuildFile; fileRef = 2A0C1A3B1EB821A900BFFB45 /* Assets.xcassets */; };
		2A0C1A3F1EB821A900BFFB45 /* LaunchScreen.storyboard in Resources */ = {isa = PBXBuildFile; fileRef = 2A0C1A3D1EB821A900BFFB45 /* LaunchScreen.storyboard */; };
		2A0C1A4A1EB821A900BFFB45 /* InstagramTests.swift in Sources */ = {isa = PBXBuildFile; fileRef = 2A0C1A491EB821A900BFFB45 /* InstagramTests.swift */; };
		2A0C1A551EB821A900BFFB45 /* InstagramUITests.swift in Sources */ = {isa = PBXBuildFile; fileRef = 2A0C1A541EB821A900BFFB45 /* InstagramUITests.swift */; };
/* End PBXBuildFile section */

/* Begin PBXContainerItemProxy section */
		2A0C1A461EB821A900BFFB45 /* PBXContainerItemProxy */ = {
			isa = PBXContainerItemProxy;
			containerPortal = 2A0C1A291EB821A900BFFB45 /* Project object */;
			proxyType = 1;
			remoteGlobalIDString = 2A0C1A301EB821A900BFFB45;
			remoteInfo = Instagram;
		};
		2A0C1A511EB821A900BFFB45 /* PBXContainerItemProxy */ = {
			isa = PBXContainerItemProxy;
			containerPortal = 2A0C1A291EB821A900BFFB45 /* Project object */;
			proxyType = 1;
			remoteGlobalIDString = 2A0C1A301EB821A900BFFB45;
			remoteInfo = Instagram;
		};
/* End PBXContainerItemProxy section */

/* Begin PBXFileReference section */
		2A0C1A311EB821A900BFFB45 /* Instagram.app */ = {isa = PBXFileReference; explicitFileType = wrapper.application; includeInIndex = 0; path = Instagram.app; sourceTree = BUILT_PRODUCTS_DIR; };
		2A0C1A341EB821A900BFFB45 /* AppDelegate.swift */ = {isa = PBXFileReference; lastKnownFileType = sourcecode.swift; path = AppDelegate.swift; sourceTree = "<group>"; };
		2A0C1A361EB821A900BFFB45 /* ViewController.swift */ = {isa = PBXFileReference; lastKnownFileType = sourcecode.swift; path = ViewController.swift; sourceTree = "<group>"; };
		2A0C1A391EB821A900BFFB45 /* Base */ = {isa = PBXFileReference; lastKnownFileType = file.storyboard; name = Base; path = Base.lproj/Main.storyboard; sourceTree = "<group>"; };
		2A0C1A3B1EB821A900BFFB45 /* Assets.xcassets */ = {isa = PBXFileReference; lastKnownFileType = folder.assetcatalog; path = Assets.xcassets; sourceTree = "<group>"; };
		2A0C1A3E1EB821A900BFFB45 /* Base */ = {isa = PBXFileReference; lastKnownFileType = file.storyboard; name = Base; path = Base.lproj/LaunchScreen.storyboard; sourceTree = "<group>"; };
		2A0C1A401EB821A900BFFB45 /* Info.plist */ = {isa = PBXFileReference; lastKnownFileType = text.plist.xml; path = Info.plist; sourceTree = "<group>"; };
		2A0C1A451EB821A900BFFB45 /* InstagramTests.xctest */ = {isa = PBXFileReference; explicitFileType = wrapper.cfbundle; includeInIndex = 0; path = InstagramTests.xctest; sourceTree = BUILT_PRODUCTS_DIR; };
		2A0C1A491EB821A900BFFB45 /* InstagramTests.swift */ = {isa = PBXFileReference; lastKnownFileType = sourcecode.swift; path = InstagramTests.swift; sourceTree = "<group>"; };
		2A0C1A4B1EB821A900BFFB45 /* Info.plist */ = {isa = PBXFileReference; lastKnownFileType = text.plist.xml; path = Info.plist; sourceTree = "<group>"; };
		2A0C1A501EB821A900BFFB45 /* InstagramUITests.xctest */ = {isa = PBXFileReference; explicitFileType = wrapper.cfbundle; includeInIndex = 0; path = InstagramUITests.xctest; sourceTree = BUILT_PRODUCTS_DIR; };
		2A0C1A541EB821A900BFFB45 /* InstagramUITests.swift */ = {isa = PBXFileReference; lastKnownFileType = sourcecode.swift; path = InstagramUITests.swift; sourceTree = "<group>"; };
		2A0C1A561EB821A900BFFB45 /* Info.plist */ = {isa = PBXFileReference; lastKnownFileType = text.plist.xml; path = Info.plist; sourceTree = "<group>"; };
/* End PBXFileReference section */

/* Begin PBXFrameworksBuildPhase section */
		2A0C1A2E1EB821A900BFFB45 /* Frameworks */ = {
			isa = PBXFrameworksBuildPhase;
			buildActionMask = 2147483647;
			files = (
			);
			runOnlyForDeploymentPostprocessing = 0;
		};
		2A0C1A421EB821A900BFFB45 /* Frameworks */ = {
			isa = PBXFrameworksBuildPhase;
			buildActionMask = 2147483647;
			files = (
			);
			runOnlyForDeploymentPostprocessing = 0;
		};
		2A0C1A4D1EB821A900BFFB45 /* Frameworks */ = {
			isa = PBXFrameworksBuildPhase;
			buildActionMask = 2147483647;
			files = (
			);
			runOnlyForDeploymentPostprocessing = 0;
		};
/* End PBXFrameworksBuildPhase section */

/* Begin PBXGroup section */
		2A0C1A281EB821A900BFFB45 = {
			isa = PBXGroup;
			children = (
				2A0C1A331EB821A900BFFB45 /* Instagram */,
				2A0C1A481EB821A900BFFB45 /* InstagramTests */,
				2A0C1A531EB821A900BFFB45 /* InstagramUITests */,
				2A0C1A321EB821A900BFFB45 /* Products */,
			);
			sourceTree = "<group>";
		};
		2A0C1A321EB821A900BFFB45 /* Products */ = {
			isa = PBXGroup;
			children = (
				2A0C1A311EB821A900BFFB45 /* Instagram.app */,
				2A0C1A451EB821A900BFFB45 /* InstagramTests.xctest */,
				2A0C1A501EB821A900BFFB45 /* InstagramUITests.xctest */,
			);
			name = Products;
			sourceTree = "<group>";
		};
		2A0C1A331EB821A900BFFB45 /* Instagram */ = {
			isa = PBXGroup;
			children = (
				2A0C1A341EB821A900BFFB45 /* AppDelegate.swift */,
				2A0C1A361EB821A900BFFB45 /* ViewController.swift */,
				2A0C1A381EB821A900BFFB45 /* Main.storyboard */,
				2A0C1A3B1EB821A900BFFB45 /* Assets.xcassets */,
				2A0C1A3D1EB821A900BFFB45 /* LaunchScreen.storyboard */,
				2A0C1A401EB821A900BFFB45 /* Info.plist */,
			);
			path = Instagram;
			sourceTree = "<group>";
		};
		2A0C1A481EB821A900BFFB45 /* InstagramTests */ = {
			isa = PBXGroup;
			children = (
				2A0C1A491EB821A900BFFB45 /* InstagramTests.swift */,
				2A0C1A4B1EB821A900BFFB45 /* Info.plist */,
			);
			path = InstagramTests;
			sourceTree = "<group>";
		};
		2A0C1A531EB821A900BFFB45 /* InstagramUITests */ = {
			isa = PBXGroup;
			children = (
				2A0C1A541EB821A900BFFB45 /* InstagramUITests.swift */,
				2A0C1A561EB821A900BFFB45 /* Info.plist */,
			);
			path = InstagramUITests;
			sourceTree = "<group>";
		};
/* End PBXGroup section */

/* Begin PBXNativeTarget section */
		2A0C1A301EB821A900BFFB45 /* Instagram */ = {
			isa = PBXNativeTarget;
			buildConfigurationList = 2A0C1A591EB821A900BFFB45 /* Build configuration list for PBXNativeTarget "Instagram" */;
			buildPhases = (
				2A0C1A2D1EB821A900BFFB45 /* Sources */,
				2A0C1A2E1EB821A900BFFB45 /* Frameworks */,
				2A0C1A2F1EB821A900BFFB45 /* Resources */,
			);
			buildRules = (
			);
			dependencies = (
			);
			name = Instagram;
			productName = Instagram;
			productReference = 2A0C1A311EB821A900BFFB45 /* Instagram.app */;
			productType = "com.apple.product-type.application";
		};
		2A0C1A441EB821A900BFFB45 /* InstagramTests */ = {
			isa = PBXNativeTarget;
			buildConfigurationList = 2A0C1A5C1EB821A900BFFB45 /* Build configuration list for PBXNativeTarget "InstagramTests" */;
			buildPhases = (
				2A0C1A411EB821A900BFFB45 /* Sources */,
				2A0C1A421EB821A900BFFB45 /* Frameworks */,
				2A0C1A431EB821A900BFFB45 /* Resources */,
			);
			buildRules = (
			);
			dependencies = (
				2A0C1A471EB821A900BFFB45 /* PBXTargetDependency */,
			);
			name = InstagramTests;
			productName = InstagramTests;
			productReference = 2A0C1A451EB821A900BFFB45 /* InstagramTests.xctest */;
			productType = "com.apple.product-type.bundle.unit-test";
		};
		2A0C1A4F1EB821A900BFFB45 /* InstagramUITests */ = {
			isa = PBXNativeTarget;
			buildConfigurationList = 2A0C1A5F1EB821A900BFFB45 /* Build configuration list for PBXNativeTarget "InstagramUITests" */;
			buildPhases = (
				2A0C1A4C1EB821A900BFFB45 /* Sources */,
				2A0C1A4D1EB821A900BFFB45 /* Frameworks */,
				2A0C1A4E1EB821A900BFFB45 /* Resources */,
			);
			buildRules = (
			);
			dependencies = (
				2A0C1A521EB821A900BFFB45 /* PBXTargetDependency */,
			);
			name = InstagramUITests;
			productName = InstagramUITests;
			productReference = 2A0C1A501EB821A900BFFB45 /* InstagramUITests.xctest */;
			productType = "com.apple.product-type.bundle.ui-testing";
		};
/* End PBXNativeTarget section */

/* Begin PBXProject section */
		2A0C1A291EB821A900BFFB45 /* Project object */ = {
			isa = PBXProject;
			attributes = {
				LastSwiftUpdateCheck = 0830;
				LastUpgradeCheck = 0830;
				ORGANIZATIONNAME = ryo.tamura;
				TargetAttributes = {
					2A0C1A301EB821A900BFFB45 = {
						CreatedOnToolsVersion = 8.3.2;
						DevelopmentTeam = GR6B8V7TH6;
						ProvisioningStyle = Automatic;
					};
					2A0C1A441EB821A900BFFB45 = {
						CreatedOnToolsVersion = 8.3.2;
						DevelopmentTeam = GR6B8V7TH6;
						ProvisioningStyle = Automatic;
						TestTargetID = 2A0C1A301EB821A900BFFB45;
					};
					2A0C1A4F1EB821A900BFFB45 = {
						CreatedOnToolsVersion = 8.3.2;
						DevelopmentTeam = GR6B8V7TH6;
						ProvisioningStyle = Automatic;
						TestTargetID = 2A0C1A301EB821A900BFFB45;
					};
				};
			};
			buildConfigurationList = 2A0C1A2C1EB821A900BFFB45 /* Build configuration list for PBXProject "Instagram" */;
			compatibilityVersion = "Xcode 3.2";
			developmentRegion = English;
			hasScannedForEncodings = 0;
			knownRegions = (
				en,
				Base,
			);
			mainGroup = 2A0C1A281EB821A900BFFB45;
			productRefGroup = 2A0C1A321EB821A900BFFB45 /* Products */;
			projectDirPath = "";
			projectRoot = "";
			targets = (
				2A0C1A301EB821A900BFFB45 /* Instagram */,
				2A0C1A441EB821A900BFFB45 /* InstagramTests */,
				2A0C1A4F1EB821A900BFFB45 /* InstagramUITests */,
			);
		};
/* End PBXProject section */

/* Begin PBXResourcesBuildPhase section */
		2A0C1A2F1EB821A900BFFB45 /* Resources */ = {
			isa = PBXResourcesBuildPhase;
			buildActionMask = 2147483647;
			files = (
				2A0C1A3F1EB821A900BFFB45 /* LaunchScreen.storyboard in Resources */,
				2A0C1A3C1EB821A900BFFB45 /* Assets.xcassets in Resources */,
				2A0C1A3A1EB821A900BFFB45 /* Main.storyboard in Resources */,
			);
			runOnlyForDeploymentPostprocessing = 0;
		};
		2A0C1A431EB821A900BFFB45 /* Resources */ = {
			isa = PBXResourcesBuildPhase;
			buildActionMask = 2147483647;
			files = (
			);
			runOnlyForDeploymentPostprocessing = 0;
		};
		2A0C1A4E1EB821A900BFFB45 /* Resources */ = {
			isa = PBXResourcesBuildPhase;
			buildActionMask = 2147483647;
			files = (
			);
			runOnlyForDeploymentPostprocessing = 0;
		};
/* End PBXResourcesBuildPhase section */

/* Begin PBXSourcesBuildPhase section */
		2A0C1A2D1EB821A900BFFB45 /* Sources */ = {
			isa = PBXSourcesBuildPhase;
			buildActionMask = 2147483647;
			files = (
				2A0C1A371EB821A900BFFB45 /* ViewController.swift in Sources */,
				2A0C1A351EB821A900BFFB45 /* AppDelegate.swift in Sources */,
			);
			runOnlyForDeploymentPostprocessing = 0;
		};
		2A0C1A411EB821A900BFFB45 /* Sources */ = {
			isa = PBXSourcesBuildPhase;
			buildActionMask = 2147483647;
			files = (
				2A0C1A4A1EB821A900BFFB45 /* InstagramTests.swift in Sources */,
			);
			runOnlyForDeploymentPostprocessing = 0;
		};
		2A0C1A4C1EB821A900BFFB45 /* Sources */ = {
			isa = PBXSourcesBuildPhase;
			buildActionMask = 2147483647;
			files = (
				2A0C1A551EB821A900BFFB45 /* InstagramUITests.swift in Sources */,
			);
			runOnlyForDeploymentPostprocessing = 0;
		};
/* End PBXSourcesBuildPhase section */

/* Begin PBXTargetDependency section */
		2A0C1A471EB821A900BFFB45 /* PBXTargetDependency */ = {
			isa = PBXTargetDependency;
			target = 2A0C1A301EB821A900BFFB45 /* Instagram */;
			targetProxy = 2A0C1A461EB821A900BFFB45 /* PBXContainerItemProxy */;
		};
		2A0C1A521EB821A900BFFB45 /* PBXTargetDependency */ = {
			isa = PBXTargetDependency;
			target = 2A0C1A301EB821A900BFFB45 /* Instagram */;
			targetProxy = 2A0C1A511EB821A900BFFB45 /* PBXContainerItemProxy */;
		};
/* End PBXTargetDependency section */

/* Begin PBXVariantGroup section */
		2A0C1A381EB821A900BFFB45 /* Main.storyboard */ = {
			isa = PBXVariantGroup;
			children = (
				2A0C1A391EB821A900BFFB45 /* Base */,
			);
			name = Main.storyboard;
			sourceTree = "<group>";
		};
		2A0C1A3D1EB821A900BFFB45 /* LaunchScreen.storyboard */ = {
			isa = PBXVariantGroup;
			children = (
				2A0C1A3E1EB821A900BFFB45 /* Base */,
			);
			name = LaunchScreen.storyboard;
			sourceTree = "<group>";
		};
/* End PBXVariantGroup section */

/* Begin XCBuildConfiguration section */
		2A0C1A571EB821A900BFFB45 /* Debug */ = {
			isa = XCBuildConfiguration;
			buildSettings = {
				ALWAYS_SEARCH_USER_PATHS = NO;
				CLANG_ANALYZER_NONNULL = YES;
				CLANG_ANALYZER_NUMBER_OBJECT_CONVERSION = YES_AGGRESSIVE;
				CLANG_CXX_LANGUAGE_STANDARD = "gnu++0x";
				CLANG_CXX_LIBRARY = "libc++";
				CLANG_ENABLE_MODULES = YES;
				CLANG_ENABLE_OBJC_ARC = YES;
				CLANG_WARN_BOOL_CONVERSION = YES;
				CLANG_WARN_CONSTANT_CONVERSION = YES;
				CLANG_WARN_DIRECT_OBJC_ISA_USAGE = YES_ERROR;
				CLANG_WARN_DOCUMENTATION_COMMENTS = YES;
				CLANG_WARN_EMPTY_BODY = YES;
				CLANG_WARN_ENUM_CONVERSION = YES;
				CLANG_WARN_INFINITE_RECURSION = YES;
				CLANG_WARN_INT_CONVERSION = YES;
				CLANG_WARN_OBJC_ROOT_CLASS = YES_ERROR;
				CLANG_WARN_SUSPICIOUS_MOVE = YES;
				CLANG_WARN_UNREACHABLE_CODE = YES;
				CLANG_WARN__DUPLICATE_METHOD_MATCH = YES;
				"CODE_SIGN_IDENTITY[sdk=iphoneos*]" = "iPhone Developer";
				COPY_PHASE_STRIP = NO;
				DEBUG_INFORMATION_FORMAT = dwarf;
				ENABLE_STRICT_OBJC_MSGSEND = YES;
				ENABLE_TESTABILITY = YES;
				GCC_C_LANGUAGE_STANDARD = gnu99;
				GCC_DYNAMIC_NO_PIC = NO;
				GCC_NO_COMMON_BLOCKS = YES;
				GCC_OPTIMIZATION_LEVEL = 0;
				GCC_PREPROCESSOR_DEFINITIONS = (
					"DEBUG=1",
					"$(inherited)",
				);
				GCC_WARN_64_TO_32_BIT_CONVERSION = YES;
				GCC_WARN_ABOUT_RETURN_TYPE = YES_ERROR;
				GCC_WARN_UNDECLARED_SELECTOR = YES;
				GCC_WARN_UNINITIALIZED_AUTOS = YES_AGGRESSIVE;
				GCC_WARN_UNUSED_FUNCTION = YES;
				GCC_WARN_UNUSED_VARIABLE = YES;
				IPHONEOS_DEPLOYMENT_TARGET = 10.3;
				MTL_ENABLE_DEBUG_INFO = YES;
				ONLY_ACTIVE_ARCH = YES;
				SDKROOT = iphoneos;
				SWIFT_ACTIVE_COMPILATION_CONDITIONS = DEBUG;
				SWIFT_OPTIMIZATION_LEVEL = "-Onone";
			};
			name = Debug;
		};
		2A0C1A581EB821A900BFFB45 /* Release */ = {
			isa = XCBuildConfiguration;
			buildSettings = {
				ALWAYS_SEARCH_USER_PATHS = NO;
				CLANG_ANALYZER_NONNULL = YES;
				CLANG_ANALYZER_NUMBER_OBJECT_CONVERSION = YES_AGGRESSIVE;
				CLANG_CXX_LANGUAGE_STANDARD = "gnu++0x";
				CLANG_CXX_LIBRARY = "libc++";
				CLANG_ENABLE_MODULES = YES;
				CLANG_ENABLE_OBJC_ARC = YES;
				CLANG_WARN_BOOL_CONVERSION = YES;
				CLANG_WARN_CONSTANT_CONVERSION = YES;
				CLANG_WARN_DIRECT_OBJC_ISA_USAGE = YES_ERROR;
				CLANG_WARN_DOCUMENTATION_COMMENTS = YES;
				CLANG_WARN_EMPTY_BODY = YES;
				CLANG_WARN_ENUM_CONVERSION = YES;
				CLANG_WARN_INFINITE_RECURSION = YES;
				CLANG_WARN_INT_CONVERSION = YES;
				CLANG_WARN_OBJC_ROOT_CLASS = YES_ERROR;
				CLANG_WARN_SUSPICIOUS_MOVE = YES;
				CLANG_WARN_UNREACHABLE_CODE = YES;
				CLANG_WARN__DUPLICATE_METHOD_MATCH = YES;
				"CODE_SIGN_IDENTITY[sdk=iphoneos*]" = "iPhone Developer";
				COPY_PHASE_STRIP = NO;
				DEBUG_INFORMATION_FORMAT = "dwarf-with-dsym";
				ENABLE_NS_ASSERTIONS = NO;
				ENABLE_STRICT_OBJC_MSGSEND = YES;
				GCC_C_LANGUAGE_STANDARD = gnu99;
				GCC_NO_COMMON_BLOCKS = YES;
				GCC_WARN_64_TO_32_BIT_CONVERSION = YES;
				GCC_WARN_ABOUT_RETURN_TYPE = YES_ERROR;
				GCC_WARN_UNDECLARED_SELECTOR = YES;
				GCC_WARN_UNINITIALIZED_AUTOS = YES_AGGRESSIVE;
				GCC_WARN_UNUSED_FUNCTION = YES;
				GCC_WARN_UNUSED_VARIABLE = YES;
				IPHONEOS_DEPLOYMENT_TARGET = 10.3;
				MTL_ENABLE_DEBUG_INFO = NO;
				SDKROOT = iphoneos;
				SWIFT_OPTIMIZATION_LEVEL = "-Owholemodule";
				VALIDATE_PRODUCT = YES;
			};
			name = Release;
		};
		2A0C1A5A1EB821A900BFFB45 /* Debug */ = {
			isa = XCBuildConfiguration;
			buildSettings = {
				ASSETCATALOG_COMPILER_APPICON_NAME = AppIcon;
				DEVELOPMENT_TEAM = GR6B8V7TH6;
				INFOPLIST_FILE = Instagram/Info.plist;
				LD_RUNPATH_SEARCH_PATHS = "$(inherited) @executable_path/Frameworks";
				PRODUCT_BUNDLE_IDENTIFIER = jp.techacademu.ryou.tamura.Instagram;
				PRODUCT_NAME = "$(TARGET_NAME)";
				SWIFT_VERSION = 3.0;
			};
			name = Debug;
		};
		2A0C1A5B1EB821A900BFFB45 /* Release */ = {
			isa = XCBuildConfiguration;
			buildSettings = {
				ASSETCATALOG_COMPILER_APPICON_NAME = AppIcon;
				DEVELOPMENT_TEAM = GR6B8V7TH6;
				INFOPLIST_FILE = Instagram/Info.plist;
				LD_RUNPATH_SEARCH_PATHS = "$(inherited) @executable_path/Frameworks";
				PRODUCT_BUNDLE_IDENTIFIER = jp.techacademu.ryou.tamura.Instagram;
				PRODUCT_NAME = "$(TARGET_NAME)";
				SWIFT_VERSION = 3.0;
			};
			name = Release;
		};
		2A0C1A5D1EB821A900BFFB45 /* Debug */ = {
			isa = XCBuildConfiguration;
			buildSettings = {
				ALWAYS_EMBED_SWIFT_STANDARD_LIBRARIES = YES;
				BUNDLE_LOADER = "$(TEST_HOST)";
				DEVELOPMENT_TEAM = GR6B8V7TH6;
				INFOPLIST_FILE = InstagramTests/Info.plist;
				LD_RUNPATH_SEARCH_PATHS = "$(inherited) @executable_path/Frameworks @loader_path/Frameworks";
				PRODUCT_BUNDLE_IDENTIFIER = jp.techacademu.ryou.tamura.InstagramTests;
				PRODUCT_NAME = "$(TARGET_NAME)";
				SWIFT_VERSION = 3.0;
				TEST_HOST = "$(BUILT_PRODUCTS_DIR)/Instagram.app/Instagram";
			};
			name = Debug;
		};
		2A0C1A5E1EB821A900BFFB45 /* Release */ = {
			isa = XCBuildConfiguration;
			buildSettings = {
				ALWAYS_EMBED_SWIFT_STANDARD_LIBRARIES = YES;
				BUNDLE_LOADER = "$(TEST_HOST)";
				DEVELOPMENT_TEAM = GR6B8V7TH6;
				INFOPLIST_FILE = InstagramTests/Info.plist;
				LD_RUNPATH_SEARCH_PATHS = "$(inherited) @executable_path/Frameworks @loader_path/Frameworks";
				PRODUCT_BUNDLE_IDENTIFIER = jp.techacademu.ryou.tamura.InstagramTests;
				PRODUCT_NAME = "$(TARGET_NAME)";
				SWIFT_VERSION = 3.0;
				TEST_HOST = "$(BUILT_PRODUCTS_DIR)/Instagram.app/Instagram";
			};
			name = Release;
		};
		2A0C1A601EB821A900BFFB45 /* Debug */ = {
			isa = XCBuildConfiguration;
			buildSettings = {
				ALWAYS_EMBED_SWIFT_STANDARD_LIBRARIES = YES;
				DEVELOPMENT_TEAM = GR6B8V7TH6;
				INFOPLIST_FILE = InstagramUITests/Info.plist;
				LD_RUNPATH_SEARCH_PATHS = "$(inherited) @executable_path/Frameworks @loader_path/Frameworks";
				PRODUCT_BUNDLE_IDENTIFIER = jp.techacademu.ryou.tamura.InstagramUITests;
				PRODUCT_NAME = "$(TARGET_NAME)";
				SWIFT_VERSION = 3.0;
				TEST_TARGET_NAME = Instagram;
			};
			name = Debug;
		};
		2A0C1A611EB821A900BFFB45 /* Release */ = {
			isa = XCBuildConfiguration;
			buildSettings = {
				ALWAYS_EMBED_SWIFT_STANDARD_LIBRARIES = YES;
				DEVELOPMENT_TEAM = GR6B8V7TH6;
				INFOPLIST_FILE = InstagramUITests/Info.plist;
				LD_RUNPATH_SEARCH_PATHS = "$(inherited) @executable_path/Frameworks @loader_path/Frameworks";
				PRODUCT_BUNDLE_IDENTIFIER = jp.techacademu.ryou.tamura.InstagramUITests;
				PRODUCT_NAME = "$(TARGET_NAME)";
				SWIFT_VERSION = 3.0;
				TEST_TARGET_NAME = Instagram;
			};
			name = Release;
		};
/* End XCBuildConfiguration section */

/* Begin XCConfigurationList section */
		2A0C1A2C1EB821A900BFFB45 /* Build configuration list for PBXProject "Instagram" */ = {
			isa = XCConfigurationList;
			buildConfigurations = (
				2A0C1A571EB821A900BFFB45 /* Debug */,
				2A0C1A581EB821A900BFFB45 /* Release */,
			);
			defaultConfigurationIsVisible = 0;
			defaultConfigurationName = Release;
		};
		2A0C1A591EB821A900BFFB45 /* Build configuration list for PBXNativeTarget "Instagram" */ = {
			isa = XCConfigurationList;
			buildConfigurations = (
				2A0C1A5A1EB821A900BFFB45 /* Debug */,
				2A0C1A5B1EB821A900BFFB45 /* Release */,
			);
			defaultConfigurationIsVisible = 0;
		};
		2A0C1A5C1EB821A900BFFB45 /* Build configuration list for PBXNativeTarget "InstagramTests" */ = {
			isa = XCConfigurationList;
			buildConfigurations = (
				2A0C1A5D1EB821A900BFFB45 /* Debug */,
				2A0C1A5E1EB821A900BFFB45 /* Release */,
			);
			defaultConfigurationIsVisible = 0;
		};
		2A0C1A5F1EB821A900BFFB45 /* Build configuration list for PBXNativeTarget "InstagramUITests" */ = {
			isa = XCConfigurationList;
			buildConfigurations = (
				2A0C1A601EB821A900BFFB45 /* Debug */,
				2A0C1A611EB821A900BFFB45 /* Release */,
			);
			defaultConfigurationIsVisible = 0;
		};
/* End XCConfigurationList section */
	};
	rootObject = 2A0C1A291EB821A900BFFB45 /* Project object */;
}
